{
  "name": "letsencrypt-test",
  "version": "1.0.0",
  "lockfileVersion": 1,
  "requires": true,
  "dependencies": {
    "@coolaj86/urequest": {
      "version": "1.3.6",
      "resolved": "https://registry.npmjs.org/@coolaj86/urequest/-/urequest-1.3.6.tgz",
      "integrity": "sha512-9rBXLFSb5D19opGeXdD/WuiFJsA4Pk2r8VUGEAeUZUxB1a2zB47K85BKAx3Gy9i4nZwg22ejlJA+q9DVrpQlbA=="
    },
    "acme": {
      "version": "1.1.1",
      "resolved": "https://registry.npmjs.org/acme/-/acme-1.1.1.tgz",
      "integrity": "sha512-CZFTpD2hGSE8dd63vHtvdhabondEhgmpL0wH0weV0pk+I1WH9RVcJbdR6MgoalsUtJW/SaC+OxUDrcjINur1ow==",
      "requires": {
        "acme-v2": "^1.1.0"
      }
    },
    "acme-v2": {
      "version": "1.2.1",
      "resolved": "https://registry.npmjs.org/acme-v2/-/acme-v2-1.2.1.tgz",
      "integrity": "sha512-7FRl/vgZpcm7VCOiiAU6ntkclHkkEdCk1uNAkuEA0sZ8R0YX3pBjh066y/QqzEAfmDbbiYr+DYlVhZoHTbmXEQ==",
      "requires": {
        "@coolaj86/urequest": "^1.3.6",
        "rsa-compat": "^1.5.1"
      }
    },
    "ansi-styles": {
      "version": "3.2.1",
      "resolved": "https://registry.npmjs.org/ansi-styles/-/ansi-styles-3.2.1.tgz",
      "integrity": "sha512-VT0ZI6kZRdTh8YyJw3SMbYm/u+NqfsAxEpWO0Pf9sq8/e94WxxOpPKx9FR1FlyCtOVDNOQ+8ntlqFxiRc+r5qA==",
      "requires": {
        "color-convert": "^1.9.0"
      }
    },
    "args": {
      "version": "5.0.0",
      "resolved": "https://registry.npmjs.org/args/-/args-5.0.0.tgz",
      "integrity": "sha512-eCZo33yLdQ3DiG/Ko5n11uPonyYofYd9F2cqWID8TKGZwK/Z2ZcUj/oZ1HNMeNL2lgraPnv3JBZumfbUMqmZtg==",
      "requires": {
        "camelcase": "5.0.0",
        "chalk": "2.4.1",
        "leven": "2.1.0",
        "mri": "1.1.1"
      }
    },
    "asn1js": {
      "version": "1.2.12",
      "resolved": "https://registry.npmjs.org/asn1js/-/asn1js-1.2.12.tgz",
      "integrity": "sha1-h9XueXWWri0qPLAkciDcQv/D8hE="
    },
    "bindings": {
      "version": "1.3.0",
      "resolved": "https://registry.npmjs.org/bindings/-/bindings-1.3.0.tgz",
      "integrity": "sha512-DpLh5EzMR2kzvX1KIlVC0VkC3iZtHKTgdtZ0a3pglBZdaQFjt5S9g9xd1lE+YvXyfd6mtCeRnrUfOLYiTMlNSw=="
    },
    "bluebird": {
      "version": "3.5.1",
      "resolved": "https://registry.npmjs.org/bluebird/-/bluebird-3.5.1.tgz",
      "integrity": "sha512-MKiLiV+I1AA596t9w1sQJ8jkiSr5+ZKi0WKrYGUn6d1Fx+Ij4tIj+m2WMQSGczs5jZVxV339chE8iwk6F64wjA=="
    },
    "camelcase": {
      "version": "5.0.0",
      "resolved": "https://registry.npmjs.org/camelcase/-/camelcase-5.0.0.tgz",
      "integrity": "sha512-faqwZqnWxbxn+F1d399ygeamQNy3lPp/H9H6rNrqYh4FSVCtcY+3cub1MxA8o9mDd55mM8Aghuu/kuyYA6VTsA=="
    },
    "certpem": {
      "version": "1.1.2",
      "resolved": "https://registry.npmjs.org/certpem/-/certpem-1.1.2.tgz",
      "integrity": "sha512-rqddNO1OdN6o7j1C486Os9USHgGEyoBSRHDgVAqx0jVAmGlgGQ1XPCrrl2KKxzdWBNC184V3gpV5BsvcDDQ+Vg==",
      "requires": {
        "asn1js": "^1.2.12",
        "pkijs": "^1.3.27"
      }
    },
    "chalk": {
      "version": "2.4.1",
      "resolved": "https://registry.npmjs.org/chalk/-/chalk-2.4.1.tgz",
      "integrity": "sha512-ObN6h1v2fTJSmUXoS3nMQ92LbDK9be4TV+6G+omQlGJFdcUX5heKi1LZ1YnRMIgwTLEj3E24bT6tYni50rlCfQ==",
      "requires": {
        "ansi-styles": "^3.2.1",
        "escape-string-regexp": "^1.0.5",
        "supports-color": "^5.3.0"
      }
    },
    "color-convert": {
      "version": "1.9.3",
      "resolved": "https://registry.npmjs.org/color-convert/-/color-convert-1.9.3.tgz",
      "integrity": "sha512-QfAUtd+vFdAtFQcC8CCyYt1fYWxSqAiK2cSD6zDB8N3cpsEBAvRxp9zOGg6G/SHHJYAT88/az/IuDGALsNVbGg==",
      "requires": {
        "color-name": "1.1.3"
      }
    },
    "color-name": {
      "version": "1.1.3",
      "resolved": "https://registry.npmjs.org/color-name/-/color-name-1.1.3.tgz",
      "integrity": "sha1-p9BVi9icQveV3UIyj3QIMcpTvCU="
    },
    "escape-string-regexp": {
      "version": "1.0.5",
      "resolved": "https://registry.npmjs.org/escape-string-regexp/-/escape-string-regexp-1.0.5.tgz",
      "integrity": "sha1-G2HAViGQqN/2rjuyzwIAyhMLhtQ="
    },
    "greenlock": {
      "version": "2.4.2",
      "resolved": "https://registry.npmjs.org/greenlock/-/greenlock-2.4.2.tgz",
      "integrity": "sha512-kme1KyLudy5GXRiIUb9PgGF2pVHrD+Pa2PbcLB7vpOuNg3LgEmtyQFre+C84O1tKXCjzJ3uVMhaFLRWc7mPbfQ==",
      "requires": {
        "acme": "^1.0.6",
        "acme-v2": "^1.2.0",
        "certpem": "^1.1.0",
        "le-challenge-fs": "^2.0.2",
        "le-sni-auto": "^2.1.3",
        "le-store-certbot": "^2.1.7",
        "rsa-compat": "^1.5.0"
      }
    },
    "has-flag": {
      "version": "3.0.0",
      "resolved": "https://registry.npmjs.org/has-flag/-/has-flag-3.0.0.tgz",
      "integrity": "sha1-tdRU3CGZriJWmfNGfloH87lVuv0="
    },
    "le-challenge-fs": {
      "version": "2.0.8",
      "resolved": "https://registry.npmjs.org/le-challenge-fs/-/le-challenge-fs-2.0.8.tgz",
      "integrity": "sha1-ttRYo38JfoffPYtf9nATc3q51aI=",
      "requires": {
        "mkdirp": "^0.5.1"
      }
    },
    "le-sni-auto": {
      "version": "2.1.5",
      "resolved": "https://registry.npmjs.org/le-sni-auto/-/le-sni-auto-2.1.5.tgz",
      "integrity": "sha512-AUlFpYifutAAs0D0UwVVD5Jzf+X2J6+VNb03LCOFVAezQNpNcQFsWwrZzd+y24gF7jYHGBbD25q8gURQ5rhL8w==",
      "requires": {
        "bluebird": "^3.5.1"
      }
    },
    "le-store-certbot": {
      "version": "2.2.0",
      "resolved": "https://registry.npmjs.org/le-store-certbot/-/le-store-certbot-2.2.0.tgz",
      "integrity": "sha512-RXY3VbMqcG7GZdHBooQp4CLrZKepWl9BdTzLMw5f0tWrN0n0SYCpFTuPSFqpbLT7+fRQ+AE12w/sf2UCGYlHmw==",
      "requires": {
        "mkdirp": "^0.5.1",
        "pyconf": "^1.1.5",
        "safe-replace": "^1.0.3"
      }
    },
    "leven": {
      "version": "2.1.0",
      "resolved": "https://registry.npmjs.org/leven/-/leven-2.1.0.tgz",
      "integrity": "sha1-wuep93IJTe6dNCAq6KzORoeHVYA="
    },
    "minimist": {
      "version": "0.0.8",
      "resolved": "https://registry.npmjs.org/minimist/-/minimist-0.0.8.tgz",
      "integrity": "sha1-hX/Kv8M5fSYluCKCYuhqp6ARsF0="
    },
    "mkdirp": {
      "version": "0.5.1",
      "resolved": "https://registry.npmjs.org/mkdirp/-/mkdirp-0.5.1.tgz",
      "integrity": "sha1-MAV0OOrGz3+MR2fzhkjWaX11yQM=",
      "requires": {
        "minimist": "0.0.8"
      }
    },
    "mri": {
      "version": "1.1.1",
      "resolved": "https://registry.npmjs.org/mri/-/mri-1.1.1.tgz",
      "integrity": "sha1-haom09ru7t+A3FmEr5XMXKXK2fE="
    },
    "nan": {
      "version": "2.11.0",
      "resolved": "https://registry.npmjs.org/nan/-/nan-2.11.0.tgz",
      "integrity": "sha512-F4miItu2rGnV2ySkXOQoA8FKz/SR2Q2sWP0sbTxNxz/tuokeC8WxOhPMcwi0qIyGtVn/rrSeLbvVkznqCdwYnw=="
    },
    "node-forge": {
      "version": "0.7.6",
      "resolved": "https://registry.npmjs.org/node-forge/-/node-forge-0.7.6.tgz",
      "integrity": "sha512-sol30LUpz1jQFBjOKwbjxijiE3b6pjd74YwfD0fJOKPjF+fONKb2Yg8rYgS6+bK6VDl+/wfr4IYpC7jDzLUIfw=="
    },
    "pkijs": {
      "version": "1.3.33",
      "resolved": "https://registry.npmjs.org/pkijs/-/pkijs-1.3.33.tgz",
      "integrity": "sha1-ponvYhE7fDSOH/wJll0iOeW7TJI="
    },
    "pyconf": {
      "version": "1.1.5",
      "resolved": "https://registry.npmjs.org/pyconf/-/pyconf-1.1.5.tgz",
      "integrity": "sha512-zXEg0oUJ4mY6azqVvRy6rePTIHZGhDQG3z9PVkE60uUabS9uILiIkHobU2Jzcs3tBltMBqyEATZZezRR/UFjkg==",
      "requires": {
        "safe-replace": "^1.0.2"
      }
    },
    "rsa-compat": {
      "version": "1.6.0",
      "resolved": "https://registry.npmjs.org/rsa-compat/-/rsa-compat-1.6.0.tgz",
      "integrity": "sha512-Eoqx0e9mcVpRQZ9IaVhZ0Su0WZ9CN6XKC1qWoyvueEloq2+kApZqmtueva/SHEo1mmB80sowZsyWU7TFcCvlzg==",
      "requires": {
        "node-forge": "^0.7.6",
        "ursa-optional": "^0.9.6"
      }
    },
    "safe-replace": {
      "version": "1.0.3",
      "resolved": "https://registry.npmjs.org/safe-replace/-/safe-replace-1.0.3.tgz",
      "integrity": "sha512-WwK4IRO+MxMn+9UbnhdbCzf/cGTLTb6i4xAQhcl0K1J+Ij5pYfpQM0FPiRvR7S0624yPSp11RMHHIRPZW1sgAQ=="
    },
    "supports-color": {
      "version": "5.5.0",
      "resolved": "https://registry.npmjs.org/supports-color/-/supports-color-5.5.0.tgz",
      "integrity": "sha512-QjVjwdXIt408MIiAqCX4oUKsgU2EqAGzs2Ppkm4aQYbjm+ZEWEcW4SfFNTr4uMNZma0ey4f5lgLrkB0aX0QMow==",
      "requires": {
        "has-flag": "^3.0.0"
      }
    },
    "ursa-optional": {
      "version": "0.9.6",
      "resolved": "https://registry.npmjs.org/ursa-optional/-/ursa-optional-0.9.6.tgz",
      "integrity": "sha512-qYHsgISsk6JGob4IyFI71CMzLCkWoEhB/e5xy8P7IqC3D+T1hioI6vEt6jURp3JSPCUxhviFB2Q0bFnaCCMSNQ==",
      "requires": {
        "bindings": "^1.3.0",
        "nan": "^2.10.0"
      }
    }
  }
}
